version = 1
revision = 3
requires-python = ">=3.12"

[[package]]
name = "gustik-scripts"
version = "0.1.0"
source = { editable = "." }
dependencies = [
    { name = "smbus2" },
]

[package.metadata]
requires-dist = [{ name = "smbus2" }]

[[package]]
name = "smbus2"
version = "0.6.1"
source = { registry = "https://nexus.mymi.cz/repository/mi-python-group/simple/" }
sdist = { url = "https://nexus.mymi.cz/repository/mi-python-group/packages/smbus2/0.6.1/smbus2-0.6.1.tar.gz", hash = "sha256:2b043372abf8f6029a632c3aab36b641c5d5872b1cbad599fc68e17ac4fd90a5", size = 17274, upload-time = "2026-04-09T20:37:54.821Z" }
wheels = [
    { url = "https://nexus.mymi.cz/repository/mi-python-group/packages/smbus2/0.6.1/smbus2-0.6.1-py2.py3-none-any.whl", hash = "sha256:650feeb27ca0ed58b07db4c10201c2a662c41305b7bf6e5fab9d888056f48180", size = 11767, upload-time = "2026-04-09T20:37:53.728Z" },
]
